
Microsoft Visual Studio Solution File, Format Version 12.00
# Visual Studio Version 17
VisualStudioVersion = 17.1.32414.318
MinimumVisualStudioVersion = 10.0.40219.1
Project("{9A19103F-16F7-4668-BE54-9A1E7A4F7556}") = "Muflone.Mercurio.Azure", "Muflone.Mercurio.Azure\Muflone.Mercurio.Azure.csproj", "{05369216-CD3A-4F44-B26A-C9383ABBFBEE}"
EndProject
Project("{2150E333-8FDC-42A3-9474-1A3956D46DE8}") = "Muflone", "Muflone", "{0EECE8E2-B17B-4666-A002-CD18F2080E46}"
EndProject
Project("{9A19103F-16F7-4668-BE54-9A1E7A4F7556}") = "Muflone", "Muflone\Muflone.csproj", "{B5C98FC2-D001-41C5-AB2C-7FBCF744CBB0}"
EndProject
Global
	GlobalSection(SolutionConfigurationPlatforms) = preSolution
		Debug|Any CPU = Debug|Any CPU
		Release|Any CPU = Release|Any CPU
	EndGlobalSection
	GlobalSection(ProjectConfigurationPlatforms) = postSolution
		{05369216-CD3A-4F44-B26A-C9383ABBFBEE}.Debug|Any CPU.ActiveCfg = Debug|Any CPU
		{05369216-CD3A-4F44-B26A-C9383ABBFBEE}.Debug|Any CPU.Build.0 = Debug|Any CPU
		{05369216-CD3A-4F44-B26A-C9383ABBFBEE}.Release|Any CPU.ActiveCfg = Release|Any CPU
		{05369216-CD3A-4F44-B26A-C9383ABBFBEE}.Release|Any CPU.Build.0 = Release|Any CPU
		{B5C98FC2-D001-41C5-AB2C-7FBCF744CBB0}.Debug|Any CPU.ActiveCfg = Debug|Any CPU
		{B5C98FC2-D001-41C5-AB2C-7FBCF744CBB0}.Debug|Any CPU.Build.0 = Debug|Any CPU
		{B5C98FC2-D001-41C5-AB2C-7FBCF744CBB0}.Release|Any CPU.ActiveCfg = Release|Any CPU
		{B5C98FC2-D001-41C5-AB2C-7FBCF744CBB0}.Release|Any CPU.Build.0 = Release|Any CPU
	EndGlobalSection
	GlobalSection(SolutionProperties) = preSolution
		HideSolutionNode = FALSE
	EndGlobalSection
	GlobalSection(NestedProjects) = preSolution
		{B5C98FC2-D001-41C5-AB2C-7FBCF744CBB0} = {0EECE8E2-B17B-4666-A002-CD18F2080E46}
	EndGlobalSection
	GlobalSection(ExtensibilityGlobals) = postSolution
		SolutionGuid = {57CA8337-F155-47B9-8C17-225343F9C17C}
	EndGlobalSection
EndGlobal
